<?xml version="1.0" encoding="UTF-8" standalone="yes" ?>
<CodeBlocks_project_file>
	<FileVersion major="1" minor="6" />
	<Project>
		<Option title="voxels-0.5" />
		<Option pch_mode="2" />
		<Option compiler="gcc" />
		<Build>
			<Target title="Debug">
				<Option output="voxels-dbg" prefix_auto="1" extension_auto="1" />
				<Option object_output="obj/Debug/" />
				<Option type="1" />
				<Option compiler="gcc" />
				<Compiler>
					<Add option="-g" />
					<Add directory="include" />
				</Compiler>
			</Target>
			<Target title="Release">
				<Option output="voxels" prefix_auto="1" extension_auto="1" />
				<Option object_output="obj/Release/" />
				<Option type="1" />
				<Option compiler="gcc" />
				<Compiler>
					<Add option="-O2" />
					<Add directory="include" />
				</Compiler>
				<Linker>
					<Add option="-s" />
				</Linker>
			</Target>
		</Build>
		<Compiler>
			<Add option="-Wextra" />
			<Add option="-Wall" />
			<Add option="-std=c++11 -fexceptions `sdl-config --cflags`" />
			<Add directory="/usr/include/SDL" />
			<Add directory="/home/lifsja/boost_1_55_0" />
		</Compiler>
		<Linker>
			<Add option="`sdl-config --libs`" />
			<Add library="GL" />
			<Add library="SDL_image" />
			<Add library="png" />
		</Linker>
		<Unit filename="include/color.h" />
		<Unit filename="include/event.h" />
		<Unit filename="include/generate.h" />
		<Unit filename="include/image.h" />
		<Unit filename="include/matrix.h" />
		<Unit filename="include/mesh.h" />
		<Unit filename="include/platform.h" />
		<Unit filename="include/png_decoder.h" />
		<Unit filename="include/stream.h" />
		<Unit filename="include/text.h" />
		<Unit filename="include/texture_atlas.h" />
		<Unit filename="include/texture_descriptor.h" />
		<Unit filename="include/util.h" />
		<Unit filename="include/vector.h" />
		<Unit filename="src/image.cpp" />
		<Unit filename="src/main.cpp" />
		<Unit filename="src/matrix.cpp" />
		<Unit filename="src/mesh.cpp" />
		<Unit filename="src/platform.cpp">
			<Option compiler="gcc" use="1" buildCommand="$compiler $options $includes `sdl-config --cflags` -c $file -o $object" />
		</Unit>
		<Unit filename="src/png_decoder.cpp" />
		<Unit filename="src/stream.cpp" />
		<Unit filename="src/text.cpp" />
		<Unit filename="src/texture_atlas.cpp" />
		<Unit filename="src/util.cpp" />
		<Unit filename="src/vector.cpp" />
		<Extensions>
			<code_completion />
			<debugger />
			<envvars />
		</Extensions>
	</Project>
</CodeBlocks_project_file>
