<?xml version="1.0" encoding="UTF-8" standalone="yes" ?>
<CodeBlocks_project_file>
	<FileVersion major="1" minor="6" />
	<Project>
		<Option title="voxels-0.5" />
		<Option pch_mode="2" />
		<Option compiler="gcc" />
		<Build>
			<Target title="Debug">
				<Option output="voxels-dbg" prefix_auto="1" extension_auto="1" />
				<Option object_output="obj/Debug/" />
				<Option type="1" />
				<Option compiler="gcc" />
				<Compiler>
					<Add option="-g" />
					<Add option="-fno-inline" />
					<Add option="-Og" />
					<Add option="-DDEBUG_VERSION" />
					<Add directory="include" />
				</Compiler>
			</Target>
			<Target title="Release">
				<Option output="voxels" prefix_auto="1" extension_auto="1" />
				<Option object_output="obj/Release/" />
				<Option type="1" />
				<Option compiler="gcc" />
				<Compiler>
					<Add option="-O2" />
					<Add directory="include" />
				</Compiler>
				<Linker>
					<Add option="-s" />
				</Linker>
				<ExtraCommands>
					<Add before="if [ ! -x update-version.sh ]; then chmod 775 update-version.sh; fi" />
					<Add before="./update-version.sh" />
					<Mode after="always" />
				</ExtraCommands>
			</Target>
			<Target title="Profile">
				<Option output="voxels-profile" prefix_auto="1" extension_auto="1" />
				<Option object_output="obj/Profile/" />
				<Option type="1" />
				<Option compiler="gcc" />
				<Compiler>
					<Add option="-O2" />
					<Add option="-pg" />
					<Add directory="include" />
				</Compiler>
				<Linker>
					<Add option="-pg" />
				</Linker>
			</Target>
		</Build>
		<Compiler>
			<Add option="-Wextra" />
			<Add option="-Wall" />
			<Add option="-std=c++11 -fexceptions `sdl2-config --cflags`" />
			<Add option="-D__cplusplus=201103L" />
		</Compiler>
		<Linker>
			<Add option="`sdl2-config --libs`" />
			<Add library="GL" />
			<Add library="png" />
			<Add library="/usr/local/lib/libSDL2.a" />
		</Linker>
		<Unit filename="include/audio.h" />
		<Unit filename="include/biome_server.h" />
		<Unit filename="include/biomes.h" />
		<Unit filename="include/block.h" />
		<Unit filename="include/block_face.h" />
		<Unit filename="include/builtin_blocks.h" />
		<Unit filename="include/builtin_entities.h" />
		<Unit filename="include/chunk.h" />
		<Unit filename="include/client.h" />
		<Unit filename="include/color.h" />
		<Unit filename="include/compressed_stream.h" />
		<Unit filename="include/dimension.h" />
		<Unit filename="include/entity.h" />
		<Unit filename="include/entity_block.h" />
		<Unit filename="include/event.h" />
		<Unit filename="include/game_stream.h" />
		<Unit filename="include/game_version.h" />
		<Unit filename="include/generate.h" />
		<Unit filename="include/gravity_affected_block.h" />
		<Unit filename="include/image.h" />
		<Unit filename="include/light.h" />
		<Unit filename="include/matrix.h" />
		<Unit filename="include/mesh.h" />
		<Unit filename="include/network.h" />
		<Unit filename="include/network_protocol.h" />
		<Unit filename="include/new_physics.h" />
		<Unit filename="include/ogg_vorbis_decoder.h" />
		<Unit filename="include/physics.h" />
		<Unit filename="include/platform.h" />
		<Unit filename="include/player.h" />
		<Unit filename="include/png_decoder.h" />
		<Unit filename="include/position.h" />
		<Unit filename="include/ray_casting.h" />
		<Unit filename="include/render_layer.h" />
		<Unit filename="include/render_object.h" />
		<Unit filename="include/script.h" />
		<Unit filename="include/script_nodes.h" />
		<Unit filename="include/server.h" />
		<Unit filename="include/stonelikeblock.h" />
		<Unit filename="include/stream.h" />
		<Unit filename="include/text.h" />
		<Unit filename="include/texture_atlas.h" />
		<Unit filename="include/texture_descriptor.h" />
		<Unit filename="include/util.h" />
		<Unit filename="include/vector.h" />
		<Unit filename="include/world.h" />
		<Unit filename="include/world_generator.h" />
		<Unit filename="src/audio.cpp" />
		<Unit filename="src/biomes.cpp" />
		<Unit filename="src/block.cpp" />
		<Unit filename="src/builtin_blocks.cpp" />
		<Unit filename="src/client.cpp" />
		<Unit filename="src/compressed_stream.cpp" />
		<Unit filename="src/entity.cpp" />
		<Unit filename="src/entity_block.cpp" />
		<Unit filename="src/game_stream.cpp" />
		<Unit filename="src/game_version.cpp" />
		<Unit filename="src/image.cpp" />
		<Unit filename="src/main.cpp" />
		<Unit filename="src/matrix.cpp" />
		<Unit filename="src/mesh.cpp" />
		<Unit filename="src/network.cpp" />
		<Unit filename="src/new_physics.cpp">
			<Option target="&lt;{~None~}&gt;" />
		</Unit>
		<Unit filename="src/physics.cpp" />
		<Unit filename="src/platform.cpp">
			<Option compiler="gcc" use="1" buildCommand="$compiler $options $includes `sdl-config --cflags` -c $file -o $object" />
		</Unit>
		<Unit filename="src/player.cpp" />
		<Unit filename="src/png_decoder.cpp" />
		<Unit filename="src/render_object.cpp" />
		<Unit filename="src/script.cpp" />
		<Unit filename="src/server.cpp" />
		<Unit filename="src/stonelikeblock.cpp" />
		<Unit filename="src/stream.cpp" />
		<Unit filename="src/text.cpp" />
		<Unit filename="src/texture_atlas.cpp" />
		<Unit filename="src/util.cpp" />
		<Unit filename="src/vector.cpp" />
		<Unit filename="src/world.cpp" />
		<Unit filename="src/world_generator.cpp" />
		<Extensions>
			<code_completion />
			<debugger />
			<envvars />
		</Extensions>
	</Project>
</CodeBlocks_project_file>
